
Microsoft Visual Studio Solution File, Format Version 12.00
# Visual Studio Version 16
VisualStudioVersion = 25.0.1703.5
MinimumVisualStudioVersion = 10.0.40219.1
Project("{FAE04EC0-301F-11D3-BF4B-00C04F79EFBC}") = "Programacion_Orientada_A_Objetos", "Programacion_Orientada_A_Objetos.csproj", "{F51BD4C1-6ECE-41E8-B78E-032285612F21}"
EndProject
Global
	GlobalSection(SolutionConfigurationPlatforms) = preSolution
		Debug|Any CPU = Debug|Any CPU
		Release|Any CPU = Release|Any CPU
	EndGlobalSection
	GlobalSection(ProjectConfigurationPlatforms) = postSolution
		{F51BD4C1-6ECE-41E8-B78E-032285612F21}.Debug|Any CPU.ActiveCfg = Debug|Any CPU
		{F51BD4C1-6ECE-41E8-B78E-032285612F21}.Debug|Any CPU.Build.0 = Debug|Any CPU
		{F51BD4C1-6ECE-41E8-B78E-032285612F21}.Release|Any CPU.ActiveCfg = Release|Any CPU
		{F51BD4C1-6ECE-41E8-B78E-032285612F21}.Release|Any CPU.Build.0 = Release|Any CPU
	EndGlobalSection
	GlobalSection(SolutionProperties) = preSolution
		HideSolutionNode = FALSE
	EndGlobalSection
	GlobalSection(ExtensibilityGlobals) = postSolution
		SolutionGuid = {78BC3603-7890-4AC1-AE14-9F39B758942C}
	EndGlobalSection
EndGlobal
